
Microsoft Visual Studio Solution File, Format Version 12.00
# Visual Studio Version 16
VisualStudioVersion = 16.0.32126.315
MinimumVisualStudioVersion = 10.0.40219.1
Project("{FAE04EC0-301F-11D3-BF4B-00C04F79EFBC}") = "QuanLyKhachSan", "QuanLyKhachSan\QuanLyKhachSan.csproj", "{B97B39F2-47E2-4362-B731-E1399B43D3DB}"
EndProject
Global
	GlobalSection(SolutionConfigurationPlatforms) = preSolution
		Debug|Any CPU = Debug|Any CPU
		Release|Any CPU = Release|Any CPU
	EndGlobalSection
	GlobalSection(ProjectConfigurationPlatforms) = postSolution
		{B97B39F2-47E2-4362-B731-E1399B43D3DB}.Debug|Any CPU.ActiveCfg = Debug|Any CPU
		{B97B39F2-47E2-4362-B731-E1399B43D3DB}.Debug|Any CPU.Build.0 = Debug|Any CPU
		{B97B39F2-47E2-4362-B731-E1399B43D3DB}.Release|Any CPU.ActiveCfg = Release|Any CPU
		{B97B39F2-47E2-4362-B731-E1399B43D3DB}.Release|Any CPU.Build.0 = Release|Any CPU
	EndGlobalSection
	GlobalSection(SolutionProperties) = preSolution
		HideSolutionNode = FALSE
	EndGlobalSection
	GlobalSection(ExtensibilityGlobals) = postSolution
		SolutionGuid = {10E4142B-B4EA-4429-BC9E-C1C23E4F09B7}
	EndGlobalSection
EndGlobal
